
Microsoft Visual Studio Solution File, Format Version 12.00
# Visual Studio Version 17
VisualStudioVersion = 17.10.35004.147
MinimumVisualStudioVersion = 10.0.40219.1
Project("{FAE04EC0-301F-11D3-BF4B-00C04F79EFBC}") = "DemoOOP05", "DemoOOP05\DemoOOP05.csproj", "{FFA56EFE-1733-4FDF-A4C3-057D8544E895}"
EndProject
Global
	GlobalSection(SolutionConfigurationPlatforms) = preSolution
		Debug|Any CPU = Debug|Any CPU
		Release|Any CPU = Release|Any CPU
	EndGlobalSection
	GlobalSection(ProjectConfigurationPlatforms) = postSolution
		{FFA56EFE-1733-4FDF-A4C3-057D8544E895}.Debug|Any CPU.ActiveCfg = Debug|Any CPU
		{FFA56EFE-1733-4FDF-A4C3-057D8544E895}.Debug|Any CPU.Build.0 = Debug|Any CPU
		{FFA56EFE-1733-4FDF-A4C3-057D8544E895}.Release|Any CPU.ActiveCfg = Release|Any CPU
		{FFA56EFE-1733-4FDF-A4C3-057D8544E895}.Release|Any CPU.Build.0 = Release|Any CPU
	EndGlobalSection
	GlobalSection(SolutionProperties) = preSolution
		HideSolutionNode = FALSE
	EndGlobalSection
	GlobalSection(ExtensibilityGlobals) = postSolution
		SolutionGuid = {149146B4-0327-43E9-A401-97B567424504}
	EndGlobalSection
EndGlobal
